<?xml version="1.0" encoding="utf-8"?>
<Project ToolsVersion="4.0" xmlns="http://schemas.microsoft.com/developer/msbuild/2003">
  <ItemGroup>
    <Filter Include="Source Files">
      <UniqueIdentifier>{4FC737F1-C7A5-4376-A066-2A32D752A2FF}</UniqueIdentifier>
      <Extensions>cpp;c;cc;cxx;c++;cppm;ixx;def;odl;idl;hpj;bat;asm;asmx</Extensions>
    </Filter>
    <Filter Include="Header Files">
      <UniqueIdentifier>{93995380-89BD-4b04-88EB-625FBE52EBFB}</UniqueIdentifier>
      <Extensions>h;hh;hpp;hxx;h++;hm;inl;inc;ipp;xsd</Extensions>
    </Filter>
    <Filter Include="Resource Files">
      <UniqueIdentifier>{67DA6AB6-F800-4c08-8B7A-83BB121AAD01}</UniqueIdentifier>
      <Extensions>rc;ico;cur;bmp;dlg;rc2;rct;bin;rgs;gif;jpg;jpeg;jpe;resx;tiff;tif;png;wav;mfcribbon-ms</Extensions>
    </Filter>
    <Filter Include="Header Files\Validator">
      <UniqueIdentifier>{ff6603fd-3a1f-44fa-ab50-3caa59386294}</UniqueIdentifier>
    </Filter>
    <Filter Include="Header Files\DataBase">
      <UniqueIdentifier>{496aa985-b487-43f5-9ee5-8767c2c04070}</UniqueIdentifier>
    </Filter>
    <Filter Include="Header Files\Password">
      <UniqueIdentifier>{0601a956-bab5-472d-a1ee-f59b5a3572aa}</UniqueIdentifier>
    </Filter>
    <Filter Include="Header Files\Core">
      <UniqueIdentifier>{5cd61b48-4c7c-4256-be91-afbda85cf6ec}</UniqueIdentifier>
    </Filter>
    <Filter Include="Header Files\Handlers">
      <UniqueIdentifier>{18671868-136e-485a-abf7-50b5a08366bc}</UniqueIdentifier>
    </Filter>
    <Filter Include="Header Files\Repository">
      <UniqueIdentifier>{a54f5cec-b2e1-4cc6-a200-7030bf83654e}</UniqueIdentifier>
    </Filter>
    <Filter Include="Header Files\model">
      <UniqueIdentifier>{ec751333-8cfa-4077-88a2-aa904083e759}</UniqueIdentifier>
    </Filter>
    <Filter Include="Header Files\utils">
      <UniqueIdentifier>{c87c4dc6-117f-44a0-841a-05e84474d7a1}</UniqueIdentifier>
    </Filter>
    <Filter Include="Header Files\AuthService">
      <UniqueIdentifier>{8b5bf8c1-c8db-4619-9d7d-275956632ba3}</UniqueIdentifier>
    </Filter>
    <Filter Include="Header Files\server">
      <UniqueIdentifier>{021e97a7-68c4-4989-8cbe-5b5a53406443}</UniqueIdentifier>
    </Filter>
    <Filter Include="Header Files\Jwt">
      <UniqueIdentifier>{0d522543-611c-4c12-a6d1-228c97fae692}</UniqueIdentifier>
    </Filter>
    <Filter Include="Header Files\WebSocket">
      <UniqueIdentifier>{7502d1db-8602-4f68-8f3f-fc84ee856f98}</UniqueIdentifier>
    </Filter>
    <Filter Include="Header Files\threads">
      <UniqueIdentifier>{c22e7809-b152-4213-90b3-4246a8dbcd10}</UniqueIdentifier>
    </Filter>
    <Filter Include="Header Files\Controller">
      <UniqueIdentifier>{fe755a2e-4443-4103-aa08-1539b865a024}</UniqueIdentifier>
    </Filter>
  </ItemGroup>
  <ItemGroup>
    <ClCompile Include="main.cpp">
      <Filter>Resource Files</Filter>
    </ClCompile>
    <ClCompile Include="DataBaseUsers.cpp">
      <Filter>Source Files</Filter>
    </ClCompile>
    <ClCompile Include="Connection.cpp">
      <Filter>Source Files</Filter>
    </ClCompile>
    <ClCompile Include="Request.cpp">
      <Filter>Source Files</Filter>
    </ClCompile>
    <ClCompile Include="UserRepository.cpp">
      <Filter>Source Files</Filter>
    </ClCompile>
    <ClCompile Include="UserFetchHandler.cpp">
      <Filter>Source Files</Filter>
    </ClCompile>
    <ClCompile Include="User.cpp">
      <Filter>Source Files</Filter>
    </ClCompile>
    <ClCompile Include="UserExistsHandler.cpp">
      <Filter>Source Files</Filter>
    </ClCompile>
    <ClCompile Include="UserNotExistsHandler.cpp">
      <Filter>Source Files</Filter>
    </ClCompile>
    <ClCompile Include="Hash.cpp">
      <Filter>Source Files</Filter>
    </ClCompile>
    <ClCompile Include="PasswordCheckHandler.cpp">
      <Filter>Source Files</Filter>
    </ClCompile>
    <ClCompile Include="CreateUserHandler.cpp">
      <Filter>Source Files</Filter>
    </ClCompile>
    <ClCompile Include="CreateSessionHandler.cpp">
      <Filter>Source Files</Filter>
    </ClCompile>
    <ClCompile Include="AuthService.cpp">
      <Filter>Source Files</Filter>
    </ClCompile>
    <ClCompile Include="RequestParser.cpp">
      <Filter>Source Files</Filter>
    </ClCompile>
    <ClCompile Include="ResponseBuilder.cpp">
      <Filter>Source Files</Filter>
    </ClCompile>
    <ClCompile Include="Router.cpp">
      <Filter>Source Files</Filter>
    </ClCompile>
    <ClCompile Include="Session.cpp">
      <Filter>Source Files</Filter>
    </ClCompile>
    <ClCompile Include="HttpServer.cpp">
      <Filter>Source Files</Filter>
    </ClCompile>
    <ClCompile Include="SharedState.cpp">
      <Filter>Source Files</Filter>
    </ClCompile>
    <ClCompile Include="WebSocketSession.cpp">
      <Filter>Source Files</Filter>
    </ClCompile>
    <ClCompile Include="Listener.cpp">
      <Filter>Source Files</Filter>
    </ClCompile>
    <ClCompile Include="JwtValidator.cpp">
      <Filter>Source Files</Filter>
    </ClCompile>
    <ClCompile Include="sha256.c">
      <Filter>Header Files\utils</Filter>
    </ClCompile>
    <ClCompile Include="threadsRepository.cpp">
      <Filter>Source Files</Filter>
    </ClCompile>
    <ClCompile Include="Threads.cpp">
      <Filter>Source Files</Filter>
    </ClCompile>
    <ClCompile Include="messages.cpp">
      <Filter>Source Files</Filter>
    </ClCompile>
    <ClCompile Include="messagesRepository.cpp">
      <Filter>Source Files</Filter>
    </ClCompile>
    <ClCompile Include="threadsValidator.cpp">
      <Filter>Source Files</Filter>
    </ClCompile>
    <ClCompile Include="ThreadController.cpp">
      <Filter>Source Files</Filter>
    </ClCompile>
    <ClCompile Include="messagesThreadValidator.cpp">
      <Filter>Source Files</Filter>
    </ClCompile>
    <ClCompile Include="MessageThreadController.cpp">
      <Filter>Source Files</Filter>
    </ClCompile>
  </ItemGroup>
  <ItemGroup>
    <ClInclude Include="DataBaseUsers.h">
      <Filter>Header Files\DataBase</Filter>
    </ClInclude>
    <ClInclude Include="Connection.h">
      <Filter>Header Files\DataBase</Filter>
    </ClInclude>
    <ClInclude Include="generate_salt.h">
      <Filter>Header Files\Password</Filter>
    </ClInclude>
    <ClInclude Include="Hash1.h">
      <Filter>Header Files\Password</Filter>
    </ClInclude>
    <ClInclude Include="ReadeKey.h">
      <Filter>Header Files\Password</Filter>
    </ClInclude>
    <ClInclude Include="Request.h">
      <Filter>Header Files\Core</Filter>
    </ClInclude>
    <ClInclude Include="Handler.h">
      <Filter>Header Files\Core</Filter>
    </ClInclude>
    <ClInclude Include="ValidationHandler.h">
      <Filter>Header Files\Handlers</Filter>
    </ClInclude>
    <ClInclude Include="UserRepository.h">
      <Filter>Header Files\Repository</Filter>
    </ClInclude>
    <ClInclude Include="UserFetchHandler.h">
      <Filter>Header Files\Handlers</Filter>
    </ClInclude>
    <ClInclude Include="User.h">
      <Filter>Header Files\model</Filter>
    </ClInclude>
    <ClInclude Include="UserExistsHandler.h">
      <Filter>Header Files\Handlers</Filter>
    </ClInclude>
    <ClInclude Include="UserNotExistsHandler.h">
      <Filter>Header Files\Handlers</Filter>
    </ClInclude>
    <ClInclude Include="Hash.h">
      <Filter>Header Files\utils</Filter>
    </ClInclude>
    <ClInclude Include="PasswordCheckHandler.h">
      <Filter>Header Files\Handlers</Filter>
    </ClInclude>
    <ClInclude Include="CreateUserHandler.h">
      <Filter>Header Files\Handlers</Filter>
    </ClInclude>
    <ClInclude Include="CreateSessionHandler.h">
      <Filter>Header Files\Handlers</Filter>
    </ClInclude>
    <ClInclude Include="AuthService.h">
      <Filter>Header Files\AuthService</Filter>
    </ClInclude>
    <ClInclude Include="RequestParser.h">
      <Filter>Header Files\server</Filter>
    </ClInclude>
    <ClInclude Include="ResponseBuilder.h">
      <Filter>Header Files\server</Filter>
    </ClInclude>
    <ClInclude Include="Router.h">
      <Filter>Header Files\server</Filter>
    </ClInclude>
    <ClInclude Include="Session.h">
      <Filter>Header Files\server</Filter>
    </ClInclude>
    <ClInclude Include="HttpServer.h">
      <Filter>Header Files\server</Filter>
    </ClInclude>
    <ClInclude Include="Listener.h">
      <Filter>Header Files\WebSocket</Filter>
    </ClInclude>
    <ClInclude Include="WebSocketSession.h">
      <Filter>Header Files\WebSocket</Filter>
    </ClInclude>
    <ClInclude Include="SharedState.h">
      <Filter>Header Files\WebSocket</Filter>
    </ClInclude>
    <ClInclude Include="sha256.h">
      <Filter>Header Files\utils</Filter>
    </ClInclude>
    <ClInclude Include="threadsRepository.h">
      <Filter>Header Files\Repository</Filter>
    </ClInclude>
    <ClInclude Include="threads.h">
      <Filter>Header Files\model</Filter>
    </ClInclude>
    <ClInclude Include="messages.h">
      <Filter>Header Files\model</Filter>
    </ClInclude>
    <ClInclude Include="messagesRepository.h">
      <Filter>Header Files\Repository</Filter>
    </ClInclude>
    <ClInclude Include="ThreadController.h">
      <Filter>Header Files\Controller</Filter>
    </ClInclude>
    <ClInclude Include="threadsValidator.h">
      <Filter>Header Files\Validator</Filter>
    </ClInclude>
    <ClInclude Include="messagesThreadValidator.h">
      <Filter>Header Files\Validator</Filter>
    </ClInclude>
    <ClInclude Include="MessageThreadController.h">
      <Filter>Header Files\Controller</Filter>
    </ClInclude>
  </ItemGroup>
  <ItemGroup>
    <Text Include="struct.txt">
      <Filter>Resource Files</Filter>
    </Text>
  </ItemGroup>
</Project>